
Microsoft Visual Studio Solution File, Format Version 12.00
# Visual Studio 14
VisualStudioVersion = 14.0.25420.1
MinimumVisualStudioVersion = 10.0.40219.1
Project("{FAE04EC0-301F-11D3-BF4B-00C04F79EFBC}") = "GGBDemo", "GGBDemo\GGBDemo.csproj", "{C2A34E92-7131-4C1D-98A9-2112D7B67685}"
EndProject
Global
	GlobalSection(SolutionConfigurationPlatforms) = preSolution
		Debug|Any CPU = Debug|Any CPU
		Release|Any CPU = Release|Any CPU
	EndGlobalSection
	GlobalSection(ProjectConfigurationPlatforms) = postSolution
		{C2A34E92-7131-4C1D-98A9-2112D7B67685}.Debug|Any CPU.ActiveCfg = Debug|Any CPU
		{C2A34E92-7131-4C1D-98A9-2112D7B67685}.Debug|Any CPU.Build.0 = Debug|Any CPU
		{C2A34E92-7131-4C1D-98A9-2112D7B67685}.Release|Any CPU.ActiveCfg = Release|Any CPU
		{C2A34E92-7131-4C1D-98A9-2112D7B67685}.Release|Any CPU.Build.0 = Release|Any CPU
	EndGlobalSection
	GlobalSection(SolutionProperties) = preSolution
		HideSolutionNode = FALSE
	EndGlobalSection
EndGlobal
